// !$*UTF8*$!
{
	archiveVersion = 1;
	classes = {
	};
	objectVersion = 46;
	objects = {

/* Begin PBXBuildFile section */
		EC7FCCCE1D0D3AD40003948D /* main.m in Sources */ = {isa = PBXBuildFile; fileRef = EC7FCCCD1D0D3AD40003948D /* main.m */; };
		EC7FCCD11D0D3AD40003948D /* AppDelegate.m in Sources */ = {isa = PBXBuildFile; fileRef = EC7FCCD01D0D3AD40003948D /* AppDelegate.m */; };
		EC7FCCD71D0D3AD40003948D /* Main.storyboard in Resources */ = {isa = PBXBuildFile; fileRef = EC7FCCD51D0D3AD40003948D /* Main.storyboard */; };
		EC7FCCD91D0D3AD40003948D /* Assets.xcassets in Resources */ = {isa = PBXBuildFile; fileRef = EC7FCCD81D0D3AD40003948D /* Assets.xcassets */; };
		EC7FCCDC1D0D3AD40003948D /* LaunchScreen.storyboard in Resources */ = {isa = PBXBuildFile; fileRef = EC7FCCDA1D0D3AD40003948D /* LaunchScreen.storyboard */; };
		EC7FCCE51D0D3B880003948D /* JWLiveActorViewController.m in Sources */ = {isa = PBXBuildFile; fileRef = EC7FCCE41D0D3B880003948D /* JWLiveActorViewController.m */; };
		EC7FCCE81D0D3BA30003948D /* JWLiveAudienceViewController.m in Sources */ = {isa = PBXBuildFile; fileRef = EC7FCCE71D0D3BA30003948D /* JWLiveAudienceViewController.m */; };
/* End PBXBuildFile section */

/* Begin PBXFileReference section */
		EC7FCCC91D0D3AD40003948D /* live.app */ = {isa = PBXFileReference; explicitFileType = wrapper.application; includeInIndex = 0; path = live.app; sourceTree = BUILT_PRODUCTS_DIR; };
		EC7FCCCD1D0D3AD40003948D /* main.m */ = {isa = PBXFileReference; lastKnownFileType = sourcecode.c.objc; path = main.m; sourceTree = "<group>"; };
		EC7FCCCF1D0D3AD40003948D /* AppDelegate.h */ = {isa = PBXFileReference; lastKnownFileType = sourcecode.c.h; path = AppDelegate.h; sourceTree = "<group>"; };
		EC7FCCD01D0D3AD40003948D /* AppDelegate.m */ = {isa = PBXFileReference; lastKnownFileType = sourcecode.c.objc; path = AppDelegate.m; sourceTree = "<group>"; };
		EC7FCCD61D0D3AD40003948D /* Base */ = {isa = PBXFileReference; lastKnownFileType = file.storyboard; name = Base; path = Base.lproj/Main.storyboard; sourceTree = "<group>"; };
		EC7FCCD81D0D3AD40003948D /* Assets.xcassets */ = {isa = PBXFileReference; lastKnownFileType = folder.assetcatalog; path = Assets.xcassets; sourceTree = "<group>"; };
		EC7FCCDB1D0D3AD40003948D /* Base */ = {isa = PBXFileReference; lastKnownFileType = file.storyboard; name = Base; path = Base.lproj/LaunchScreen.storyboard; sourceTree = "<group>"; };
		EC7FCCDD1D0D3AD40003948D /* Info.plist */ = {isa = PBXFileReference; lastKnownFileType = text.plist.xml; path = Info.plist; sourceTree = "<group>"; };
		EC7FCCE31D0D3B880003948D /* JWLiveActorViewController.h */ = {isa = PBXFileReference; fileEncoding = 4; lastKnownFileType = sourcecode.c.h; path = JWLiveActorViewController.h; sourceTree = "<group>"; };
		EC7FCCE41D0D3B880003948D /* JWLiveActorViewController.m */ = {isa = PBXFileReference; fileEncoding = 4; lastKnownFileType = sourcecode.c.objc; path = JWLiveActorViewController.m; sourceTree = "<group>"; };
		EC7FCCE61D0D3BA30003948D /* JWLiveAudienceViewController.h */ = {isa = PBXFileReference; fileEncoding = 4; lastKnownFileType = sourcecode.c.h; path = JWLiveAudienceViewController.h; sourceTree = "<group>"; };
		EC7FCCE71D0D3BA30003948D /* JWLiveAudienceViewController.m */ = {isa = PBXFileReference; fileEncoding = 4; lastKnownFileType = sourcecode.c.objc; path = JWLiveAudienceViewController.m; sourceTree = "<group>"; };
/* End PBXFileReference section */

/* Begin PBXFrameworksBuildPhase section */
		EC7FCCC61D0D3AD40003948D /* Frameworks */ = {
			isa = PBXFrameworksBuildPhase;
			buildActionMask = 2147483647;
			files = (
			);
			runOnlyForDeploymentPostprocessing = 0;
		};
/* End PBXFrameworksBuildPhase section */

/* Begin PBXGroup section */
		EC7FCCC01D0D3AD40003948D = {
			isa = PBXGroup;
			children = (
				EC7FCCCB1D0D3AD40003948D /* live */,
				EC7FCCCA1D0D3AD40003948D /* Products */,
			);
			sourceTree = "<group>";
		};
		EC7FCCCA1D0D3AD40003948D /* Products */ = {
			isa = PBXGroup;
			children = (
				EC7FCCC91D0D3AD40003948D /* live.app */,
			);
			name = Products;
			sourceTree = "<group>";
		};
		EC7FCCCB1D0D3AD40003948D /* live */ = {
			isa = PBXGroup;
			children = (
				EC7FCCE91D0D3BA90003948D /* LiveActor */,
				EC7FCCEA1D0D3BB50003948D /* LiveAudience */,
				EC7FCCCF1D0D3AD40003948D /* AppDelegate.h */,
				EC7FCCD01D0D3AD40003948D /* AppDelegate.m */,
				EC7FCCD51D0D3AD40003948D /* Main.storyboard */,
				EC7FCCD81D0D3AD40003948D /* Assets.xcassets */,
				EC7FCCDA1D0D3AD40003948D /* LaunchScreen.storyboard */,
				EC7FCCDD1D0D3AD40003948D /* Info.plist */,
				EC7FCCCC1D0D3AD40003948D /* Supporting Files */,
			);
			path = live;
			sourceTree = "<group>";
		};
		EC7FCCCC1D0D3AD40003948D /* Supporting Files */ = {
			isa = PBXGroup;
			children = (
				EC7FCCCD1D0D3AD40003948D /* main.m */,
			);
			name = "Supporting Files";
			sourceTree = "<group>";
		};
		EC7FCCE91D0D3BA90003948D /* LiveActor */ = {
			isa = PBXGroup;
			children = (
				EC7FCCE31D0D3B880003948D /* JWLiveActorViewController.h */,
				EC7FCCE41D0D3B880003948D /* JWLiveActorViewController.m */,
			);
			name = LiveActor;
			sourceTree = "<group>";
		};
		EC7FCCEA1D0D3BB50003948D /* LiveAudience */ = {
			isa = PBXGroup;
			children = (
				EC7FCCE61D0D3BA30003948D /* JWLiveAudienceViewController.h */,
				EC7FCCE71D0D3BA30003948D /* JWLiveAudienceViewController.m */,
			);
			name = LiveAudience;
			sourceTree = "<group>";
		};
/* End PBXGroup section */

/* Begin PBXNativeTarget section */
		EC7FCCC81D0D3AD40003948D /* live */ = {
			isa = PBXNativeTarget;
			buildConfigurationList = EC7FCCE01D0D3AD40003948D /* Build configuration list for PBXNativeTarget "live" */;
			buildPhases = (
				EC7FCCC51D0D3AD40003948D /* Sources */,
				EC7FCCC61D0D3AD40003948D /* Frameworks */,
				EC7FCCC71D0D3AD40003948D /* Resources */,
			);
			buildRules = (
			);
			dependencies = (
			);
			name = live;
			productName = live;
			productReference = EC7FCCC91D0D3AD40003948D /* live.app */;
			productType = "com.apple.product-type.application";
		};
/* End PBXNativeTarget section */

/* Begin PBXProject section */
		EC7FCCC11D0D3AD40003948D /* Project object */ = {
			isa = PBXProject;
			attributes = {
				LastUpgradeCheck = 0730;
				ORGANIZATIONNAME = "Jungle Wind";
				TargetAttributes = {
					EC7FCCC81D0D3AD40003948D = {
						CreatedOnToolsVersion = 7.3.1;
					};
				};
			};
			buildConfigurationList = EC7FCCC41D0D3AD40003948D /* Build configuration list for PBXProject "live" */;
			compatibilityVersion = "Xcode 3.2";
			developmentRegion = English;
			hasScannedForEncodings = 0;
			knownRegions = (
				en,
				Base,
			);
			mainGroup = EC7FCCC01D0D3AD40003948D;
			productRefGroup = EC7FCCCA1D0D3AD40003948D /* Products */;
			projectDirPath = "";
			projectRoot = "";
			targets = (
				EC7FCCC81D0D3AD40003948D /* live */,
			);
		};
/* End PBXProject section */

/* Begin PBXResourcesBuildPhase section */
		EC7FCCC71D0D3AD40003948D /* Resources */ = {
			isa = PBXResourcesBuildPhase;
			buildActionMask = 2147483647;
			files = (
				EC7FCCDC1D0D3AD40003948D /* LaunchScreen.storyboard in Resources */,
				EC7FCCD91D0D3AD40003948D /* Assets.xcassets in Resources */,
				EC7FCCD71D0D3AD40003948D /* Main.storyboard in Resources */,
			);
			runOnlyForDeploymentPostprocessing = 0;
		};
/* End PBXResourcesBuildPhase section */

/* Begin PBXSourcesBuildPhase section */
		EC7FCCC51D0D3AD40003948D /* Sources */ = {
			isa = PBXSourcesBuildPhase;
			buildActionMask = 2147483647;
			files = (
				EC7FCCD11D0D3AD40003948D /* AppDelegate.m in Sources */,
				EC7FCCE51D0D3B880003948D /* JWLiveActorViewController.m in Sources */,
				EC7FCCCE1D0D3AD40003948D /* main.m in Sources */,
				EC7FCCE81D0D3BA30003948D /* JWLiveAudienceViewController.m in Sources */,
			);
			runOnlyForDeploymentPostprocessing = 0;
		};
/* End PBXSourcesBuildPhase section */

/* Begin PBXVariantGroup section */
		EC7FCCD51D0D3AD40003948D /* Main.storyboard */ = {
			isa = PBXVariantGroup;
			children = (
				EC7FCCD61D0D3AD40003948D /* Base */,
			);
			name = Main.storyboard;
			sourceTree = "<group>";
		};
		EC7FCCDA1D0D3AD40003948D /* LaunchScreen.storyboard */ = {
			isa = PBXVariantGroup;
			children = (
				EC7FCCDB1D0D3AD40003948D /* Base */,
			);
			name = LaunchScreen.storyboard;
			sourceTree = "<group>";
		};
/* End PBXVariantGroup section */

/* Begin XCBuildConfiguration section */
		EC7FCCDE1D0D3AD40003948D /* Debug */ = {
			isa = XCBuildConfiguration;
			buildSettings = {
				ALWAYS_SEARCH_USER_PATHS = NO;
				CLANG_ANALYZER_NONNULL = YES;
				CLANG_CXX_LANGUAGE_STANDARD = "gnu++0x";
				CLANG_CXX_LIBRARY = "libc++";
				CLANG_ENABLE_MODULES = YES;
				CLANG_ENABLE_OBJC_ARC = YES;
				CLANG_WARN_BOOL_CONVERSION = YES;
				CLANG_WARN_CONSTANT_CONVERSION = YES;
				CLANG_WARN_DIRECT_OBJC_ISA_USAGE = YES_ERROR;
				CLANG_WARN_EMPTY_BODY = YES;
				CLANG_WARN_ENUM_CONVERSION = YES;
				CLANG_WARN_INT_CONVERSION = YES;
				CLANG_WARN_OBJC_ROOT_CLASS = YES_ERROR;
				CLANG_WARN_UNREACHABLE_CODE = YES;
				CLANG_WARN__DUPLICATE_METHOD_MATCH = YES;
				"CODE_SIGN_IDENTITY[sdk=iphoneos*]" = "iPhone Developer";
				COPY_PHASE_STRIP = NO;
				DEBUG_INFORMATION_FORMAT = dwarf;
				ENABLE_STRICT_OBJC_MSGSEND = YES;
				ENABLE_TESTABILITY = YES;
				GCC_C_LANGUAGE_STANDARD = gnu99;
				GCC_DYNAMIC_NO_PIC = NO;
				GCC_NO_COMMON_BLOCKS = YES;
				GCC_OPTIMIZATION_LEVEL = 0;
				GCC_PREPROCESSOR_DEFINITIONS = (
					"DEBUG=1",
					"$(inherited)",
				);
				GCC_WARN_64_TO_32_BIT_CONVERSION = YES;
				GCC_WARN_ABOUT_RETURN_TYPE = YES_ERROR;
				GCC_WARN_UNDECLARED_SELECTOR = YES;
				GCC_WARN_UNINITIALIZED_AUTOS = YES_AGGRESSIVE;
				GCC_WARN_UNUSED_FUNCTION = YES;
				GCC_WARN_UNUSED_VARIABLE = YES;
				IPHONEOS_DEPLOYMENT_TARGET = 9.3;
				MTL_ENABLE_DEBUG_INFO = YES;
				ONLY_ACTIVE_ARCH = YES;
				SDKROOT = iphoneos;
			};
			name = Debug;
		};
		EC7FCCDF1D0D3AD40003948D /* Release */ = {
			isa = XCBuildConfiguration;
			buildSettings = {
				ALWAYS_SEARCH_USER_PATHS = NO;
				CLANG_ANALYZER_NONNULL = YES;
				CLANG_CXX_LANGUAGE_STANDARD = "gnu++0x";
				CLANG_CXX_LIBRARY = "libc++";
				CLANG_ENABLE_MODULES = YES;
				CLANG_ENABLE_OBJC_ARC = YES;
				CLANG_WARN_BOOL_CONVERSION = YES;
				CLANG_WARN_CONSTANT_CONVERSION = YES;
				CLANG_WARN_DIRECT_OBJC_ISA_USAGE = YES_ERROR;
				CLANG_WARN_EMPTY_BODY = YES;
				CLANG_WARN_ENUM_CONVERSION = YES;
				CLANG_WARN_INT_CONVERSION = YES;
				CLANG_WARN_OBJC_ROOT_CLASS = YES_ERROR;
				CLANG_WARN_UNREACHABLE_CODE = YES;
				CLANG_WARN__DUPLICATE_METHOD_MATCH = YES;
				"CODE_SIGN_IDENTITY[sdk=iphoneos*]" = "iPhone Developer";
				COPY_PHASE_STRIP = NO;
				DEBUG_INFORMATION_FORMAT = "dwarf-with-dsym";
				ENABLE_NS_ASSERTIONS = NO;
				ENABLE_STRICT_OBJC_MSGSEND = YES;
				GCC_C_LANGUAGE_STANDARD = gnu99;
				GCC_NO_COMMON_BLOCKS = YES;
				GCC_WARN_64_TO_32_BIT_CONVERSION = YES;
				GCC_WARN_ABOUT_RETURN_TYPE = YES_ERROR;
				GCC_WARN_UNDECLARED_SELECTOR = YES;
				GCC_WARN_UNINITIALIZED_AUTOS = YES_AGGRESSIVE;
				GCC_WARN_UNUSED_FUNCTION = YES;
				GCC_WARN_UNUSED_VARIABLE = YES;
				IPHONEOS_DEPLOYMENT_TARGET = 9.3;
				MTL_ENABLE_DEBUG_INFO = NO;
				SDKROOT = iphoneos;
				VALIDATE_PRODUCT = YES;
			};
			name = Release;
		};
		EC7FCCE11D0D3AD40003948D /* Debug */ = {
			isa = XCBuildConfiguration;
			buildSettings = {
				ASSETCATALOG_COMPILER_APPICON_NAME = AppIcon;
				INFOPLIST_FILE = live/Info.plist;
				LD_RUNPATH_SEARCH_PATHS = "$(inherited) @executable_path/Frameworks";
				PRODUCT_BUNDLE_IDENTIFIER = com.junglewind.live;
				PRODUCT_NAME = "$(TARGET_NAME)";
			};
			name = Debug;
		};
		EC7FCCE21D0D3AD40003948D /* Release */ = {
			isa = XCBuildConfiguration;
			buildSettings = {
				ASSETCATALOG_COMPILER_APPICON_NAME = AppIcon;
				INFOPLIST_FILE = live/Info.plist;
				LD_RUNPATH_SEARCH_PATHS = "$(inherited) @executable_path/Frameworks";
				PRODUCT_BUNDLE_IDENTIFIER = com.junglewind.live;
				PRODUCT_NAME = "$(TARGET_NAME)";
			};
			name = Release;
		};
/* End XCBuildConfiguration section */

/* Begin XCConfigurationList section */
		EC7FCCC41D0D3AD40003948D /* Build configuration list for PBXProject "live" */ = {
			isa = XCConfigurationList;
			buildConfigurations = (
				EC7FCCDE1D0D3AD40003948D /* Debug */,
				EC7FCCDF1D0D3AD40003948D /* Release */,
			);
			defaultConfigurationIsVisible = 0;
			defaultConfigurationName = Release;
		};
		EC7FCCE01D0D3AD40003948D /* Build configuration list for PBXNativeTarget "live" */ = {
			isa = XCConfigurationList;
			buildConfigurations = (
				EC7FCCE11D0D3AD40003948D /* Debug */,
				EC7FCCE21D0D3AD40003948D /* Release */,
			);
			defaultConfigurationIsVisible = 0;
			defaultConfigurationName = Release;
		};
/* End XCConfigurationList section */
	};
	rootObject = EC7FCCC11D0D3AD40003948D /* Project object */;
}
